
Microsoft Visual Studio Solution File, Format Version 12.00
# Visual Studio Version 17
VisualStudioVersion = 17.7.34031.279
MinimumVisualStudioVersion = 10.0.40219.1
Project("{9A19103F-16F7-4668-BE54-9A1E7A4F7556}") = "Shopping.Client", "Shopping.Client.csproj", "{5DD1920F-69E9-4B81-8A46-72D4027720C6}"
EndProject
Global
	GlobalSection(SolutionConfigurationPlatforms) = preSolution
		Debug|Any CPU = Debug|Any CPU
		Release|Any CPU = Release|Any CPU
	EndGlobalSection
	GlobalSection(ProjectConfigurationPlatforms) = postSolution
		{5DD1920F-69E9-4B81-8A46-72D4027720C6}.Debug|Any CPU.ActiveCfg = Debug|Any CPU
		{5DD1920F-69E9-4B81-8A46-72D4027720C6}.Debug|Any CPU.Build.0 = Debug|Any CPU
		{5DD1920F-69E9-4B81-8A46-72D4027720C6}.Release|Any CPU.ActiveCfg = Release|Any CPU
		{5DD1920F-69E9-4B81-8A46-72D4027720C6}.Release|Any CPU.Build.0 = Release|Any CPU
	EndGlobalSection
	GlobalSection(SolutionProperties) = preSolution
		HideSolutionNode = FALSE
	EndGlobalSection
	GlobalSection(ExtensibilityGlobals) = postSolution
		SolutionGuid = {D11FDD39-2CA4-4918-9707-03981C858F1A}
	EndGlobalSection
EndGlobal
